
Microsoft Visual Studio Solution File, Format Version 12.00
# Visual Studio Version 17
VisualStudioVersion = 17.10.35027.167
MinimumVisualStudioVersion = 10.0.40219.1
Project("{8BC9CEB8-8B4A-11D0-8D11-00A0C91BC942}") = "cifradoSustitucion", "cifradoSustitucion\cifradoSustitucion.vcxproj", "{5D3F4B7C-44B1-448B-A016-12521B6B7CE8}"
EndProject
Global
	GlobalSection(SolutionConfigurationPlatforms) = preSolution
		Debug|x64 = Debug|x64
		Debug|x86 = Debug|x86
		Release|x64 = Release|x64
		Release|x86 = Release|x86
	EndGlobalSection
	GlobalSection(ProjectConfigurationPlatforms) = postSolution
		{5D3F4B7C-44B1-448B-A016-12521B6B7CE8}.Debug|x64.ActiveCfg = Debug|x64
		{5D3F4B7C-44B1-448B-A016-12521B6B7CE8}.Debug|x64.Build.0 = Debug|x64
		{5D3F4B7C-44B1-448B-A016-12521B6B7CE8}.Debug|x86.ActiveCfg = Debug|Win32
		{5D3F4B7C-44B1-448B-A016-12521B6B7CE8}.Debug|x86.Build.0 = Debug|Win32
		{5D3F4B7C-44B1-448B-A016-12521B6B7CE8}.Release|x64.ActiveCfg = Release|x64
		{5D3F4B7C-44B1-448B-A016-12521B6B7CE8}.Release|x64.Build.0 = Release|x64
		{5D3F4B7C-44B1-448B-A016-12521B6B7CE8}.Release|x86.ActiveCfg = Release|Win32
		{5D3F4B7C-44B1-448B-A016-12521B6B7CE8}.Release|x86.Build.0 = Release|Win32
	EndGlobalSection
	GlobalSection(SolutionProperties) = preSolution
		HideSolutionNode = FALSE
	EndGlobalSection
	GlobalSection(ExtensibilityGlobals) = postSolution
		SolutionGuid = {FE51FE22-73D5-4A94-A4A4-CA0C7EB3B786}
	EndGlobalSection
EndGlobal
